lockfileVersion: '9.0'

settings:
  autoInstallPeers: true
  excludeLinksFromLockfile: false

importers:

  .: {}

  apps/agent-harness: {}

  apps/nano-pi:
    dependencies:
      '@x-pi/config':
        specifier: workspace:*
        version: link:../../packages/config

  labs/chapter-01:
    dependencies:
      '@x-pi/config':
        specifier: workspace:*
        version: link:../../packages/config

  packages/agent-runtime: {}

  packages/config: {}

  packages/memory: {}

  packages/model-deepseek: {}

  packages/protocol: {}

  packages/sandbox: {}

  packages/session: {}
